
Microsoft Visual Studio Solution File, Format Version 12.00
# Visual Studio Version 16
VisualStudioVersion = 25.0.1704.1
MinimumVisualStudioVersion = 10.0.40219.1
Project("{FAE04EC0-301F-11D3-BF4B-00C04F79EFBC}") = "nemtudom", "nemtudom.csproj", "{6EB2793D-729E-4AE3-9A1D-396293CB0705}"
EndProject
Global
	GlobalSection(SolutionConfigurationPlatforms) = preSolution
		Debug|Any CPU = Debug|Any CPU
		Release|Any CPU = Release|Any CPU
	EndGlobalSection
	GlobalSection(ProjectConfigurationPlatforms) = postSolution
		{6EB2793D-729E-4AE3-9A1D-396293CB0705}.Debug|Any CPU.ActiveCfg = Debug|Any CPU
		{6EB2793D-729E-4AE3-9A1D-396293CB0705}.Debug|Any CPU.Build.0 = Debug|Any CPU
		{6EB2793D-729E-4AE3-9A1D-396293CB0705}.Release|Any CPU.ActiveCfg = Release|Any CPU
		{6EB2793D-729E-4AE3-9A1D-396293CB0705}.Release|Any CPU.Build.0 = Release|Any CPU
	EndGlobalSection
	GlobalSection(SolutionProperties) = preSolution
		HideSolutionNode = FALSE
	EndGlobalSection
	GlobalSection(ExtensibilityGlobals) = postSolution
		SolutionGuid = {A26A0F3E-7264-4774-A65C-92CC0A8243A4}
	EndGlobalSection
EndGlobal
